
Microsoft Visual Studio Solution File, Format Version 12.00
# Visual Studio Version 17
VisualStudioVersion = 17.13.35931.197
MinimumVisualStudioVersion = 10.0.40219.1
Project("{FAE04EC0-301F-11D3-BF4B-00C04F79EFBC}") = "GitFlow", "GitFlow\GitFlow.csproj", "{FA145D10-4360-4503-AAF5-E4E04E8E4DEA}"
EndProject
Global
	GlobalSection(SolutionConfigurationPlatforms) = preSolution
		Debug|Any CPU = Debug|Any CPU
		Release|Any CPU = Release|Any CPU
	EndGlobalSection
	GlobalSection(ProjectConfigurationPlatforms) = postSolution
		{FA145D10-4360-4503-AAF5-E4E04E8E4DEA}.Debug|Any CPU.ActiveCfg = Debug|Any CPU
		{FA145D10-4360-4503-AAF5-E4E04E8E4DEA}.Debug|Any CPU.Build.0 = Debug|Any CPU
		{FA145D10-4360-4503-AAF5-E4E04E8E4DEA}.Release|Any CPU.ActiveCfg = Release|Any CPU
		{FA145D10-4360-4503-AAF5-E4E04E8E4DEA}.Release|Any CPU.Build.0 = Release|Any CPU
	EndGlobalSection
	GlobalSection(SolutionProperties) = preSolution
		HideSolutionNode = FALSE
	EndGlobalSection
	GlobalSection(ExtensibilityGlobals) = postSolution
		SolutionGuid = {A765FCB7-E973-421D-A85E-FE8BFB9015F0}
	EndGlobalSection
EndGlobal
